// !$*UTF8*$!
{
	archiveVersion = 1;
	classes = {
	};
	objectVersion = 77;
	objects = {

/* Begin PBXBuildFile section */
		5B951D8730010F4E003B9BE1 /* UniformTypeIdentifiers.framework in Frameworks */ = {isa = PBXBuildFile; fileRef = 5B951D8630010F4E003B9BE1 /* UniformTypeIdentifiers.framework */; };
		5B951D9330010F4E003B9BE1 /* SimBridgeFileProvider.appex in Embed Foundation Extensions */ = {isa = PBXBuildFile; fileRef = 5B951D8430010F4E003B9BE1 /* SimBridgeFileProvider.appex */; settings = {ATTRIBUTES = (RemoveHeadersOnCopy, ); }; };
		5B951D9F300110E0003B9BE1 /* SimBridgeKit in Frameworks */ = {isa = PBXBuildFile; productRef = 5B951D9E300110E0003B9BE1 /* SimBridgeKit */; };
		5B951DA1300110F9003B9BE1 /* SimBridgeKit in Frameworks */ = {isa = PBXBuildFile; productRef = 5B951DA0300110F9003B9BE1 /* SimBridgeKit */; };
/* End PBXBuildFile section */

/* Begin PBXContainerItemProxy section */
		5B951D9130010F4E003B9BE1 /* PBXContainerItemProxy */ = {
			isa = PBXContainerItemProxy;
			containerPortal = 5B951D6A30010ED8003B9BE1 /* Project object */;
			proxyType = 1;
			remoteGlobalIDString = 5B951D8330010F4E003B9BE1;
			remoteInfo = SimBridgeFileProvider;
		};
/* End PBXContainerItemProxy section */

/* Begin PBXCopyFilesBuildPhase section */
		5B951D9830010F4E003B9BE1 /* Embed Foundation Extensions */ = {
			isa = PBXCopyFilesBuildPhase;
			buildActionMask = 2147483647;
			dstPath = "";
			dstSubfolderSpec = 13;
			files = (
				5B951D9330010F4E003B9BE1 /* SimBridgeFileProvider.appex in Embed Foundation Extensions */,
			);
			name = "Embed Foundation Extensions";
			runOnlyForDeploymentPostprocessing = 0;
		};
/* End PBXCopyFilesBuildPhase section */

/* Begin PBXFileReference section */
		5B951D7230010ED8003B9BE1 /* SimBridge.app */ = {isa = PBXFileReference; explicitFileType = wrapper.application; includeInIndex = 0; path = SimBridge.app; sourceTree = BUILT_PRODUCTS_DIR; };
		5B951D8430010F4E003B9BE1 /* SimBridgeFileProvider.appex */ = {isa = PBXFileReference; explicitFileType = "wrapper.app-extension"; includeInIndex = 0; path = SimBridgeFileProvider.appex; sourceTree = BUILT_PRODUCTS_DIR; };
		5B951D8630010F4E003B9BE1 /* UniformTypeIdentifiers.framework */ = {isa = PBXFileReference; lastKnownFileType = wrapper.framework; name = UniformTypeIdentifiers.framework; path = System/Library/Frameworks/UniformTypeIdentifiers.framework; sourceTree = SDKROOT; };
/* End PBXFileReference section */

/* Begin PBXFileSystemSynchronizedBuildFileExceptionSet section */
		5B951D9430010F4E003B9BE1 /* Exceptions for "SimBridgeFileProvider" folder in "SimBridgeFileProvider" target */ = {
			isa = PBXFileSystemSynchronizedBuildFileExceptionSet;
			membershipExceptions = (
				Info.plist,
			);
			target = 5B951D8330010F4E003B9BE1 /* SimBridgeFileProvider */;
		};
/* End PBXFileSystemSynchronizedBuildFileExceptionSet section */

/* Begin PBXFileSystemSynchronizedRootGroup section */
		5B951D7430010ED8003B9BE1 /* SimBridge */ = {
			isa = PBXFileSystemSynchronizedRootGroup;
			path = SimBridge;
			sourceTree = "<group>";
		};
		5B951D8830010F4E003B9BE1 /* SimBridgeFileProvider */ = {
			isa = PBXFileSystemSynchronizedRootGroup;
			exceptions = (
				5B951D9430010F4E003B9BE1 /* Exceptions for "SimBridgeFileProvider" folder in "SimBridgeFileProvider" target */,
			);
			path = SimBridgeFileProvider;
			sourceTree = "<group>";
		};
/* End PBXFileSystemSynchronizedRootGroup section */

/* Begin PBXFrameworksBuildPhase section */
		5B951D6F30010ED8003B9BE1 /* Frameworks */ = {
			isa = PBXFrameworksBuildPhase;
			buildActionMask = 2147483647;
			files = (
				5B951D9F300110E0003B9BE1 /* SimBridgeKit in Frameworks */,
			);
			runOnlyForDeploymentPostprocessing = 0;
		};
		5B951D8130010F4E003B9BE1 /* Frameworks */ = {
			isa = PBXFrameworksBuildPhase;
			buildActionMask = 2147483647;
			files = (
				5B951DA1300110F9003B9BE1 /* SimBridgeKit in Frameworks */,
				5B951D8730010F4E003B9BE1 /* UniformTypeIdentifiers.framework in Frameworks */,
			);
			runOnlyForDeploymentPostprocessing = 0;
		};
/* End PBXFrameworksBuildPhase section */

/* Begin PBXGroup section */
		5B951D6930010ED8003B9BE1 = {
			isa = PBXGroup;
			children = (
				5B951D7430010ED8003B9BE1 /* SimBridge */,
				5B951D8830010F4E003B9BE1 /* SimBridgeFileProvider */,
				5B951D8530010F4E003B9BE1 /* Frameworks */,
				5B951D7330010ED8003B9BE1 /* Products */,
			);
			sourceTree = "<group>";
		};
		5B951D7330010ED8003B9BE1 /* Products */ = {
			isa = PBXGroup;
			children = (
				5B951D7230010ED8003B9BE1 /* SimBridge.app */,
				5B951D8430010F4E003B9BE1 /* SimBridgeFileProvider.appex */,
			);
			name = Products;
			sourceTree = "<group>";
		};
		5B951D8530010F4E003B9BE1 /* Frameworks */ = {
			isa = PBXGroup;
			children = (
				5B951D8630010F4E003B9BE1 /* UniformTypeIdentifiers.framework */,
			);
			name = Frameworks;
			sourceTree = "<group>";
		};
/* End PBXGroup section */

/* Begin PBXNativeTarget section */
		5B951D7130010ED8003B9BE1 /* SimBridge */ = {
			isa = PBXNativeTarget;
			buildConfigurationList = 5B951D7D30010ED9003B9BE1 /* Build configuration list for PBXNativeTarget "SimBridge" */;
			buildPhases = (
				5B951D6E30010ED8003B9BE1 /* Sources */,
				5B951D6F30010ED8003B9BE1 /* Frameworks */,
				5B951D7030010ED8003B9BE1 /* Resources */,
				5B951D9830010F4E003B9BE1 /* Embed Foundation Extensions */,
			);
			buildRules = (
			);
			dependencies = (
				5B951D9230010F4E003B9BE1 /* PBXTargetDependency */,
			);
			fileSystemSynchronizedGroups = (
				5B951D7430010ED8003B9BE1 /* SimBridge */,
			);
			name = SimBridge;
			packageProductDependencies = (
				5B951D9E300110E0003B9BE1 /* SimBridgeKit */,
			);
			productName = SimBridge;
			productReference = 5B951D7230010ED8003B9BE1 /* SimBridge.app */;
			productType = "com.apple.product-type.application";
		};
		5B951D8330010F4E003B9BE1 /* SimBridgeFileProvider */ = {
			isa = PBXNativeTarget;
			buildConfigurationList = 5B951D9530010F4E003B9BE1 /* Build configuration list for PBXNativeTarget "SimBridgeFileProvider" */;
			buildPhases = (
				5B951D8030010F4E003B9BE1 /* Sources */,
				5B951D8130010F4E003B9BE1 /* Frameworks */,
				5B951D8230010F4E003B9BE1 /* Resources */,
			);
			buildRules = (
			);
			dependencies = (
			);
			fileSystemSynchronizedGroups = (
				5B951D8830010F4E003B9BE1 /* SimBridgeFileProvider */,
			);
			name = SimBridgeFileProvider;
			packageProductDependencies = (
				5B951DA0300110F9003B9BE1 /* SimBridgeKit */,
			);
			productName = SimBridgeFileProvider;
			productReference = 5B951D8430010F4E003B9BE1 /* SimBridgeFileProvider.appex */;
			productType = "com.apple.product-type.app-extension";
		};
/* End PBXNativeTarget section */

/* Begin PBXProject section */
		5B951D6A30010ED8003B9BE1 /* Project object */ = {
			isa = PBXProject;
			attributes = {
				BuildIndependentTargetsInParallel = 1;
				LastSwiftUpdateCheck = 2660;
				LastUpgradeCheck = 2660;
				TargetAttributes = {
					5B951D7130010ED8003B9BE1 = {
						CreatedOnToolsVersion = 26.6;
					};
					5B951D8330010F4E003B9BE1 = {
						CreatedOnToolsVersion = 26.6;
					};
				};
			};
			buildConfigurationList = 5B951D6D30010ED8003B9BE1 /* Build configuration list for PBXProject "SimBridge" */;
			developmentRegion = en;
			hasScannedForEncodings = 0;
			knownRegions = (
				en,
				Base,
				de,
				es,
			);
			mainGroup = 5B951D6930010ED8003B9BE1;
			minimizedProjectReferenceProxies = 1;
			packageReferences = (
				5B951D9D3001108D003B9BE1 /* XCLocalSwiftPackageReference "SimBridgeKit" */,
			);
			preferredProjectObjectVersion = 77;
			productRefGroup = 5B951D7330010ED8003B9BE1 /* Products */;
			projectDirPath = "";
			projectRoot = "";
			targets = (
				5B951D7130010ED8003B9BE1 /* SimBridge */,
				5B951D8330010F4E003B9BE1 /* SimBridgeFileProvider */,
			);
		};
/* End PBXProject section */

/* Begin PBXResourcesBuildPhase section */
		5B951D7030010ED8003B9BE1 /* Resources */ = {
			isa = PBXResourcesBuildPhase;
			buildActionMask = 2147483647;
			files = (
			);
			runOnlyForDeploymentPostprocessing = 0;
		};
		5B951D8230010F4E003B9BE1 /* Resources */ = {
			isa = PBXResourcesBuildPhase;
			buildActionMask = 2147483647;
			files = (
			);
			runOnlyForDeploymentPostprocessing = 0;
		};
/* End PBXResourcesBuildPhase section */

/* Begin PBXSourcesBuildPhase section */
		5B951D6E30010ED8003B9BE1 /* Sources */ = {
			isa = PBXSourcesBuildPhase;
			buildActionMask = 2147483647;
			files = (
			);
			runOnlyForDeploymentPostprocessing = 0;
		};
		5B951D8030010F4E003B9BE1 /* Sources */ = {
			isa = PBXSourcesBuildPhase;
			buildActionMask = 2147483647;
			files = (
			);
			runOnlyForDeploymentPostprocessing = 0;
		};
/* End PBXSourcesBuildPhase section */

/* Begin PBXTargetDependency section */
		5B951D9230010F4E003B9BE1 /* PBXTargetDependency */ = {
			isa = PBXTargetDependency;
			target = 5B951D8330010F4E003B9BE1 /* SimBridgeFileProvider */;
			targetProxy = 5B951D9130010F4E003B9BE1 /* PBXContainerItemProxy */;
		};
/* End PBXTargetDependency section */

/* Begin XCBuildConfiguration section */
		5B951D7B30010ED9003B9BE1 /* Debug */ = {
			isa = XCBuildConfiguration;
			buildSettings = {
				ALWAYS_SEARCH_USER_PATHS = NO;
				ASSETCATALOG_COMPILER_GENERATE_SWIFT_ASSET_SYMBOL_EXTENSIONS = YES;
				CLANG_ANALYZER_NONNULL = YES;
				CLANG_ANALYZER_NUMBER_OBJECT_CONVERSION = YES_AGGRESSIVE;
				CLANG_CXX_LANGUAGE_STANDARD = "gnu++20";
				CLANG_ENABLE_MODULES = YES;
				CLANG_ENABLE_OBJC_ARC = YES;
				CLANG_ENABLE_OBJC_WEAK = YES;
				CLANG_WARN_BLOCK_CAPTURE_AUTORELEASING = YES;
				CLANG_WARN_BOOL_CONVERSION = YES;
				CLANG_WARN_COMMA = YES;
				CLANG_WARN_CONSTANT_CONVERSION = YES;
				CLANG_WARN_DEPRECATED_OBJC_IMPLEMENTATIONS = YES;
				CLANG_WARN_DIRECT_OBJC_ISA_USAGE = YES_ERROR;
				CLANG_WARN_DOCUMENTATION_COMMENTS = YES;
				CLANG_WARN_EMPTY_BODY = YES;
				CLANG_WARN_ENUM_CONVERSION = YES;
				CLANG_WARN_INFINITE_RECURSION = YES;
				CLANG_WARN_INT_CONVERSION = YES;
				CLANG_WARN_NON_LITERAL_NULL_CONVERSION = YES;
				CLANG_WARN_OBJC_IMPLICIT_RETAIN_SELF = YES;
				CLANG_WARN_OBJC_LITERAL_CONVERSION = YES;
				CLANG_WARN_OBJC_ROOT_CLASS = YES_ERROR;
				CLANG_WARN_QUOTED_INCLUDE_IN_FRAMEWORK_HEADER = YES;
				CLANG_WARN_RANGE_LOOP_ANALYSIS = YES;
				CLANG_WARN_STRICT_PROTOTYPES = YES;
				CLANG_WARN_SUSPICIOUS_MOVE = YES;
				CLANG_WARN_UNGUARDED_AVAILABILITY = YES_AGGRESSIVE;
				CLANG_WARN_UNREACHABLE_CODE = YES;
				CLANG_WARN__DUPLICATE_METHOD_MATCH = YES;
				COPY_PHASE_STRIP = NO;
				DEBUG_INFORMATION_FORMAT = dwarf;
				DEVELOPMENT_TEAM = "";
				ENABLE_STRICT_OBJC_MSGSEND = YES;
				ENABLE_TESTABILITY = YES;
				ENABLE_USER_SCRIPT_SANDBOXING = YES;
				GCC_C_LANGUAGE_STANDARD = gnu17;
				GCC_DYNAMIC_NO_PIC = NO;
				GCC_NO_COMMON_BLOCKS = YES;
				GCC_OPTIMIZATION_LEVEL = 0;
				GCC_PREPROCESSOR_DEFINITIONS = (
					"DEBUG=1",
					"$(inherited)",
				);
				GCC_WARN_64_TO_32_BIT_CONVERSION = YES;
				GCC_WARN_ABOUT_RETURN_TYPE = YES_ERROR;
				GCC_WARN_UNDECLARED_SELECTOR = YES;
				GCC_WARN_UNINITIALIZED_AUTOS = YES_AGGRESSIVE;
				GCC_WARN_UNUSED_FUNCTION = YES;
				GCC_WARN_UNUSED_VARIABLE = YES;
				LOCALIZATION_PREFERS_STRING_CATALOGS = YES;
				MACOSX_DEPLOYMENT_TARGET = 14.0;
				MTL_ENABLE_DEBUG_INFO = INCLUDE_SOURCE;
				MTL_FAST_MATH = YES;
				ONLY_ACTIVE_ARCH = YES;
				SDKROOT = macosx;
				SWIFT_ACTIVE_COMPILATION_CONDITIONS = "DEBUG $(inherited)";
				SWIFT_OPTIMIZATION_LEVEL = "-Onone";
			};
			name = Debug;
		};
		5B951D7C30010ED9003B9BE1 /* Release */ = {
			isa = XCBuildConfiguration;
			buildSettings = {
				ALWAYS_SEARCH_USER_PATHS = NO;
				ASSETCATALOG_COMPILER_GENERATE_SWIFT_ASSET_SYMBOL_EXTENSIONS = YES;
				CLANG_ANALYZER_NONNULL = YES;
				CLANG_ANALYZER_NUMBER_OBJECT_CONVERSION = YES_AGGRESSIVE;
				CLANG_CXX_LANGUAGE_STANDARD = "gnu++20";
				CLANG_ENABLE_MODULES = YES;
				CLANG_ENABLE_OBJC_ARC = YES;
				CLANG_ENABLE_OBJC_WEAK = YES;
				CLANG_WARN_BLOCK_CAPTURE_AUTORELEASING = YES;
				CLANG_WARN_BOOL_CONVERSION = YES;
				CLANG_WARN_COMMA = YES;
				CLANG_WARN_CONSTANT_CONVERSION = YES;
				CLANG_WARN_DEPRECATED_OBJC_IMPLEMENTATIONS = YES;
				CLANG_WARN_DIRECT_OBJC_ISA_USAGE = YES_ERROR;
				CLANG_WARN_DOCUMENTATION_COMMENTS = YES;
				CLANG_WARN_EMPTY_BODY = YES;
				CLANG_WARN_ENUM_CONVERSION = YES;
				CLANG_WARN_INFINITE_RECURSION = YES;
				CLANG_WARN_INT_CONVERSION = YES;
				CLANG_WARN_NON_LITERAL_NULL_CONVERSION = YES;
				CLANG_WARN_OBJC_IMPLICIT_RETAIN_SELF = YES;
				CLANG_WARN_OBJC_LITERAL_CONVERSION = YES;
				CLANG_WARN_OBJC_ROOT_CLASS = YES_ERROR;
				CLANG_WARN_QUOTED_INCLUDE_IN_FRAMEWORK_HEADER = YES;
				CLANG_WARN_RANGE_LOOP_ANALYSIS = YES;
				CLANG_WARN_STRICT_PROTOTYPES = YES;
				CLANG_WARN_SUSPICIOUS_MOVE = YES;
				CLANG_WARN_UNGUARDED_AVAILABILITY = YES_AGGRESSIVE;
				CLANG_WARN_UNREACHABLE_CODE = YES;
				CLANG_WARN__DUPLICATE_METHOD_MATCH = YES;
				COPY_PHASE_STRIP = NO;
				DEBUG_INFORMATION_FORMAT = "dwarf-with-dsym";
				DEVELOPMENT_TEAM = "";
				ENABLE_NS_ASSERTIONS = NO;
				ENABLE_STRICT_OBJC_MSGSEND = YES;
				ENABLE_USER_SCRIPT_SANDBOXING = YES;
				GCC_C_LANGUAGE_STANDARD = gnu17;
				GCC_NO_COMMON_BLOCKS = YES;
				GCC_WARN_64_TO_32_BIT_CONVERSION = YES;
				GCC_WARN_ABOUT_RETURN_TYPE = YES_ERROR;
				GCC_WARN_UNDECLARED_SELECTOR = YES;
				GCC_WARN_UNINITIALIZED_AUTOS = YES_AGGRESSIVE;
				GCC_WARN_UNUSED_FUNCTION = YES;
				GCC_WARN_UNUSED_VARIABLE = YES;
				LOCALIZATION_PREFERS_STRING_CATALOGS = YES;
				MACOSX_DEPLOYMENT_TARGET = 14.0;
				MTL_ENABLE_DEBUG_INFO = NO;
				MTL_FAST_MATH = YES;
				SDKROOT = macosx;
				SWIFT_COMPILATION_MODE = wholemodule;
			};
			name = Release;
		};
		5B951D7E30010ED9003B9BE1 /* Debug */ = {
			isa = XCBuildConfiguration;
			buildSettings = {
				ASSETCATALOG_COMPILER_APPICON_NAME = AppIcon;
				ASSETCATALOG_COMPILER_GLOBAL_ACCENT_COLOR_NAME = AccentColor;
				CODE_SIGN_ENTITLEMENTS = SimBridge/SimBridge.entitlements;
				CODE_SIGN_STYLE = Automatic;
				COMBINE_HIDPI_IMAGES = YES;
				CURRENT_PROJECT_VERSION = 2;
				DEVELOPMENT_TEAM = "";
				ENABLE_APP_SANDBOX = NO;
				ENABLE_HARDENED_RUNTIME = YES;
				ENABLE_PREVIEWS = YES;
				GENERATE_INFOPLIST_FILE = YES;
				INFOPLIST_KEY_CFBundleDisplayName = SimBridge;
				INFOPLIST_KEY_LSApplicationCategoryType = "public.app-category.developer-tools";
				INFOPLIST_KEY_NSHumanReadableCopyright = "";
				LD_RUNPATH_SEARCH_PATHS = (
					"$(inherited)",
					"@executable_path/../Frameworks",
				);
				MARKETING_VERSION = 1.0;
				PRODUCT_BUNDLE_IDENTIFIER = de.andreasmaser.SimBridge;
				PRODUCT_NAME = "$(TARGET_NAME)";
				REGISTER_APP_GROUPS = YES;
				STRING_CATALOG_GENERATE_SYMBOLS = YES;
				SWIFT_APPROACHABLE_CONCURRENCY = YES;
				SWIFT_DEFAULT_ACTOR_ISOLATION = MainActor;
				SWIFT_EMIT_LOC_STRINGS = YES;
				SWIFT_UPCOMING_FEATURE_MEMBER_IMPORT_VISIBILITY = YES;
				SWIFT_VERSION = 5.0;
			};
			name = Debug;
		};
		5B951D7F30010ED9003B9BE1 /* Release */ = {
			isa = XCBuildConfiguration;
			buildSettings = {
				ASSETCATALOG_COMPILER_APPICON_NAME = AppIcon;
				ASSETCATALOG_COMPILER_GLOBAL_ACCENT_COLOR_NAME = AccentColor;
				CODE_SIGN_ENTITLEMENTS = SimBridge/SimBridge.entitlements;
				CODE_SIGN_STYLE = Automatic;
				COMBINE_HIDPI_IMAGES = YES;
				CURRENT_PROJECT_VERSION = 2;
				DEVELOPMENT_TEAM = "";
				ENABLE_APP_SANDBOX = NO;
				ENABLE_HARDENED_RUNTIME = YES;
				ENABLE_PREVIEWS = YES;
				GENERATE_INFOPLIST_FILE = YES;
				INFOPLIST_KEY_CFBundleDisplayName = SimBridge;
				INFOPLIST_KEY_LSApplicationCategoryType = "public.app-category.developer-tools";
				INFOPLIST_KEY_NSHumanReadableCopyright = "";
				LD_RUNPATH_SEARCH_PATHS = (
					"$(inherited)",
					"@executable_path/../Frameworks",
				);
				MARKETING_VERSION = 1.0;
				PRODUCT_BUNDLE_IDENTIFIER = de.andreasmaser.SimBridge;
				PRODUCT_NAME = "$(TARGET_NAME)";
				REGISTER_APP_GROUPS = YES;
				STRING_CATALOG_GENERATE_SYMBOLS = YES;
				SWIFT_APPROACHABLE_CONCURRENCY = YES;
				SWIFT_DEFAULT_ACTOR_ISOLATION = MainActor;
				SWIFT_EMIT_LOC_STRINGS = YES;
				SWIFT_UPCOMING_FEATURE_MEMBER_IMPORT_VISIBILITY = YES;
				SWIFT_VERSION = 5.0;
			};
			name = Release;
		};
		5B951D9630010F4E003B9BE1 /* Debug */ = {
			isa = XCBuildConfiguration;
			buildSettings = {
				CODE_SIGN_ENTITLEMENTS = SimBridgeFileProvider/SimBridgeFileProvider.entitlements;
				CODE_SIGN_STYLE = Automatic;
				CURRENT_PROJECT_VERSION = 2;
				DEVELOPMENT_TEAM = "";
				ENABLE_APP_SANDBOX = YES;
				ENABLE_HARDENED_RUNTIME = YES;
				GENERATE_INFOPLIST_FILE = YES;
				INFOPLIST_FILE = SimBridgeFileProvider/Info.plist;
				INFOPLIST_KEY_CFBundleDisplayName = SimBridgeFileProvider;
				INFOPLIST_KEY_NSHumanReadableCopyright = "";
				LD_RUNPATH_SEARCH_PATHS = (
					"$(inherited)",
					"@executable_path/../Frameworks",
					"@executable_path/../../../../Frameworks",
				);
				MARKETING_VERSION = 1.0;
				PRODUCT_BUNDLE_IDENTIFIER = de.andreasmaser.SimBridge.SimBridgeFileProvider;
				PRODUCT_NAME = "$(TARGET_NAME)";
				SKIP_INSTALL = YES;
				STRING_CATALOG_GENERATE_SYMBOLS = YES;
				SWIFT_APPROACHABLE_CONCURRENCY = YES;
				SWIFT_EMIT_LOC_STRINGS = YES;
				SWIFT_UPCOMING_FEATURE_MEMBER_IMPORT_VISIBILITY = YES;
				SWIFT_VERSION = 5.0;
			};
			name = Debug;
		};
		5B951D9730010F4E003B9BE1 /* Release */ = {
			isa = XCBuildConfiguration;
			buildSettings = {
				CODE_SIGN_ENTITLEMENTS = SimBridgeFileProvider/SimBridgeFileProvider.entitlements;
				CODE_SIGN_STYLE = Automatic;
				CURRENT_PROJECT_VERSION = 2;
				DEVELOPMENT_TEAM = "";
				ENABLE_APP_SANDBOX = YES;
				ENABLE_HARDENED_RUNTIME = YES;
				GENERATE_INFOPLIST_FILE = YES;
				INFOPLIST_FILE = SimBridgeFileProvider/Info.plist;
				INFOPLIST_KEY_CFBundleDisplayName = SimBridgeFileProvider;
				INFOPLIST_KEY_NSHumanReadableCopyright = "";
				LD_RUNPATH_SEARCH_PATHS = (
					"$(inherited)",
					"@executable_path/../Frameworks",
					"@executable_path/../../../../Frameworks",
				);
				MARKETING_VERSION = 1.0;
				PRODUCT_BUNDLE_IDENTIFIER = de.andreasmaser.SimBridge.SimBridgeFileProvider;
				PRODUCT_NAME = "$(TARGET_NAME)";
				SKIP_INSTALL = YES;
				STRING_CATALOG_GENERATE_SYMBOLS = YES;
				SWIFT_APPROACHABLE_CONCURRENCY = YES;
				SWIFT_EMIT_LOC_STRINGS = YES;
				SWIFT_UPCOMING_FEATURE_MEMBER_IMPORT_VISIBILITY = YES;
				SWIFT_VERSION = 5.0;
			};
			name = Release;
		};
/* End XCBuildConfiguration section */

/* Begin XCConfigurationList section */
		5B951D6D30010ED8003B9BE1 /* Build configuration list for PBXProject "SimBridge" */ = {
			isa = XCConfigurationList;
			buildConfigurations = (
				5B951D7B30010ED9003B9BE1 /* Debug */,
				5B951D7C30010ED9003B9BE1 /* Release */,
			);
			defaultConfigurationIsVisible = 0;
			defaultConfigurationName = Release;
		};
		5B951D7D30010ED9003B9BE1 /* Build configuration list for PBXNativeTarget "SimBridge" */ = {
			isa = XCConfigurationList;
			buildConfigurations = (
				5B951D7E30010ED9003B9BE1 /* Debug */,
				5B951D7F30010ED9003B9BE1 /* Release */,
			);
			defaultConfigurationIsVisible = 0;
			defaultConfigurationName = Release;
		};
		5B951D9530010F4E003B9BE1 /* Build configuration list for PBXNativeTarget "SimBridgeFileProvider" */ = {
			isa = XCConfigurationList;
			buildConfigurations = (
				5B951D9630010F4E003B9BE1 /* Debug */,
				5B951D9730010F4E003B9BE1 /* Release */,
			);
			defaultConfigurationIsVisible = 0;
			defaultConfigurationName = Release;
		};
/* End XCConfigurationList section */

/* Begin XCLocalSwiftPackageReference section */
		5B951D9D3001108D003B9BE1 /* XCLocalSwiftPackageReference "SimBridgeKit" */ = {
			isa = XCLocalSwiftPackageReference;
			relativePath = SimBridgeKit;
		};
/* End XCLocalSwiftPackageReference section */

/* Begin XCSwiftPackageProductDependency section */
		5B951D9E300110E0003B9BE1 /* SimBridgeKit */ = {
			isa = XCSwiftPackageProductDependency;
			package = 5B951D9D3001108D003B9BE1 /* XCLocalSwiftPackageReference "SimBridgeKit" */;
			productName = SimBridgeKit;
		};
		5B951DA0300110F9003B9BE1 /* SimBridgeKit */ = {
			isa = XCSwiftPackageProductDependency;
			package = 5B951D9D3001108D003B9BE1 /* XCLocalSwiftPackageReference "SimBridgeKit" */;
			productName = SimBridgeKit;
		};
/* End XCSwiftPackageProductDependency section */
	};
	rootObject = 5B951D6A30010ED8003B9BE1 /* Project object */;
}
